
Microsoft Visual Studio Solution File, Format Version 12.00
# Visual Studio Version 17
VisualStudioVersion = 17.2.32630.192
MinimumVisualStudioVersion = 10.0.40219.1
Project("{8BC9CEB8-8B4A-11D0-8D11-00A0C91BC942}") = "Console_menu", "Console_menu\Console_menu.vcxproj", "{AC5FE372-D6FA-4BFA-A73E-F517BE755076}"
EndProject
Global
	GlobalSection(SolutionConfigurationPlatforms) = preSolution
		Debug|x64 = Debug|x64
		Debug|x86 = Debug|x86
		Release|x64 = Release|x64
		Release|x86 = Release|x86
	EndGlobalSection
	GlobalSection(ProjectConfigurationPlatforms) = postSolution
		{AC5FE372-D6FA-4BFA-A73E-F517BE755076}.Debug|x64.ActiveCfg = Debug|x64
		{AC5FE372-D6FA-4BFA-A73E-F517BE755076}.Debug|x64.Build.0 = Debug|x64
		{AC5FE372-D6FA-4BFA-A73E-F517BE755076}.Debug|x86.ActiveCfg = Debug|Win32
		{AC5FE372-D6FA-4BFA-A73E-F517BE755076}.Debug|x86.Build.0 = Debug|Win32
		{AC5FE372-D6FA-4BFA-A73E-F517BE755076}.Release|x64.ActiveCfg = Release|x64
		{AC5FE372-D6FA-4BFA-A73E-F517BE755076}.Release|x64.Build.0 = Release|x64
		{AC5FE372-D6FA-4BFA-A73E-F517BE755076}.Release|x86.ActiveCfg = Release|Win32
		{AC5FE372-D6FA-4BFA-A73E-F517BE755076}.Release|x86.Build.0 = Release|Win32
	EndGlobalSection
	GlobalSection(SolutionProperties) = preSolution
		HideSolutionNode = FALSE
	EndGlobalSection
	GlobalSection(ExtensibilityGlobals) = postSolution
		SolutionGuid = {FCFFA3EB-20C0-4A78-BB9A-065F6B352C46}
	EndGlobalSection
EndGlobal
